
Microsoft Visual Studio Solution File, Format Version 12.00
# Visual Studio Version 17
VisualStudioVersion = 17.2.32630.192
MinimumVisualStudioVersion = 10.0.40219.1
Project("{8BC9CEB8-8B4A-11D0-8D11-00A0C91BC942}") = "Siaod8.1_2", "Siaod8.1_2.vcxproj", "{7D1F9FC3-FD71-4250-88AD-D7A10D0E7D76}"
EndProject
Global
	GlobalSection(SolutionConfigurationPlatforms) = preSolution
		Debug|x64 = Debug|x64
		Debug|x86 = Debug|x86
		Release|x64 = Release|x64
		Release|x86 = Release|x86
	EndGlobalSection
	GlobalSection(ProjectConfigurationPlatforms) = postSolution
		{7D1F9FC3-FD71-4250-88AD-D7A10D0E7D76}.Debug|x64.ActiveCfg = Debug|x64
		{7D1F9FC3-FD71-4250-88AD-D7A10D0E7D76}.Debug|x64.Build.0 = Debug|x64
		{7D1F9FC3-FD71-4250-88AD-D7A10D0E7D76}.Debug|x86.ActiveCfg = Debug|Win32
		{7D1F9FC3-FD71-4250-88AD-D7A10D0E7D76}.Debug|x86.Build.0 = Debug|Win32
		{7D1F9FC3-FD71-4250-88AD-D7A10D0E7D76}.Release|x64.ActiveCfg = Release|x64
		{7D1F9FC3-FD71-4250-88AD-D7A10D0E7D76}.Release|x64.Build.0 = Release|x64
		{7D1F9FC3-FD71-4250-88AD-D7A10D0E7D76}.Release|x86.ActiveCfg = Release|Win32
		{7D1F9FC3-FD71-4250-88AD-D7A10D0E7D76}.Release|x86.Build.0 = Release|Win32
	EndGlobalSection
	GlobalSection(SolutionProperties) = preSolution
		HideSolutionNode = FALSE
	EndGlobalSection
	GlobalSection(ExtensibilityGlobals) = postSolution
		SolutionGuid = {9AF155ED-04BD-40FA-890C-F8956C4A1C5B}
	EndGlobalSection
EndGlobal
